
Microsoft Visual Studio Solution File, Format Version 12.00
# Visual Studio Version 16
VisualStudioVersion = 16.0.32126.315
MinimumVisualStudioVersion = 10.0.40219.1
Project("{8BC9CEB8-8B4A-11D0-8D11-00A0C91BC942}") = "IO LR4", "IO LR4\IO LR4.vcxproj", "{34C8DF68-DFF9-461E-9ECD-A997999F8D45}"
EndProject
Global
	GlobalSection(SolutionConfigurationPlatforms) = preSolution
		Debug|x64 = Debug|x64
		Debug|x86 = Debug|x86
		Release|x64 = Release|x64
		Release|x86 = Release|x86
	EndGlobalSection
	GlobalSection(ProjectConfigurationPlatforms) = postSolution
		{34C8DF68-DFF9-461E-9ECD-A997999F8D45}.Debug|x64.ActiveCfg = Debug|x64
		{34C8DF68-DFF9-461E-9ECD-A997999F8D45}.Debug|x64.Build.0 = Debug|x64
		{34C8DF68-DFF9-461E-9ECD-A997999F8D45}.Debug|x86.ActiveCfg = Debug|Win32
		{34C8DF68-DFF9-461E-9ECD-A997999F8D45}.Debug|x86.Build.0 = Debug|Win32
		{34C8DF68-DFF9-461E-9ECD-A997999F8D45}.Release|x64.ActiveCfg = Release|x64
		{34C8DF68-DFF9-461E-9ECD-A997999F8D45}.Release|x64.Build.0 = Release|x64
		{34C8DF68-DFF9-461E-9ECD-A997999F8D45}.Release|x86.ActiveCfg = Release|Win32
		{34C8DF68-DFF9-461E-9ECD-A997999F8D45}.Release|x86.Build.0 = Release|Win32
	EndGlobalSection
	GlobalSection(SolutionProperties) = preSolution
		HideSolutionNode = FALSE
	EndGlobalSection
	GlobalSection(ExtensibilityGlobals) = postSolution
		SolutionGuid = {D80F566B-3D3B-4CF9-93EC-95A9300D7160}
	EndGlobalSection
EndGlobal
